
Microsoft Visual Studio Solution File, Format Version 12.00
# Visual Studio Version 17
VisualStudioVersion = 17.1.32414.318
MinimumVisualStudioVersion = 10.0.40219.1
Project("{FAE04EC0-301F-11D3-BF4B-00C04F79EFBC}") = "pizza-express-webapp", "pizza-express-webapp\pizza-express-webapp.csproj", "{A9DDB557-DB3A-4754-B429-89DB7234FEF0}"
EndProject
Global
	GlobalSection(SolutionConfigurationPlatforms) = preSolution
		Debug|Any CPU = Debug|Any CPU
		Release|Any CPU = Release|Any CPU
	EndGlobalSection
	GlobalSection(ProjectConfigurationPlatforms) = postSolution
		{A9DDB557-DB3A-4754-B429-89DB7234FEF0}.Debug|Any CPU.ActiveCfg = Debug|Any CPU
		{A9DDB557-DB3A-4754-B429-89DB7234FEF0}.Debug|Any CPU.Build.0 = Debug|Any CPU
		{A9DDB557-DB3A-4754-B429-89DB7234FEF0}.Release|Any CPU.ActiveCfg = Release|Any CPU
		{A9DDB557-DB3A-4754-B429-89DB7234FEF0}.Release|Any CPU.Build.0 = Release|Any CPU
	EndGlobalSection
	GlobalSection(SolutionProperties) = preSolution
		HideSolutionNode = FALSE
	EndGlobalSection
	GlobalSection(ExtensibilityGlobals) = postSolution
		SolutionGuid = {1A67852F-D30E-4DAF-8F29-48EE8681A06D}
	EndGlobalSection
EndGlobal
